
Microsoft Visual Studio Solution File, Format Version 12.00
# Visual Studio Version 16
VisualStudioVersion = 16.0.28803.156
MinimumVisualStudioVersion = 10.0.40219.1
Project("{FAE04EC0-301F-11D3-BF4B-00C04F79EFBC}") = "StringFormatting", "StringFormatting\StringFormatting.csproj", "{233F2E31-3E00-4044-8B3D-E561FAED8013}"
EndProject
Project("{FAE04EC0-301F-11D3-BF4B-00C04F79EFBC}") = "UnitTesting", "UnitTesting\UnitTesting.csproj", "{CF38D377-373B-4C65-B04F-86939E1EE7C6}"
EndProject
Project("{FAE04EC0-301F-11D3-BF4B-00C04F79EFBC}") = "ClassLibraryProject", "ClassLibraryProject\ClassLibraryProject.csproj", "{3C208C2D-30A4-4AB2-ADD6-38BF25B780D8}"
EndProject
Project("{2150E333-8FDC-42A3-9474-1A3956D46DE8}") = "Section3", "Section3", "{53BABB86-67A7-43F6-8813-991C2871F568}"
EndProject
Project("{FAE04EC0-301F-11D3-BF4B-00C04F79EFBC}") = "ClassLibraryTest", "ClassLibraryTest\ClassLibraryTest.csproj", "{63A9AD2A-4B1E-4528-9BEE-28790E870A6A}"
EndProject
Project("{2150E333-8FDC-42A3-9474-1A3956D46DE8}") = "Section4", "Section4", "{48EF7076-C4F9-40E7-95A0-9C58EB8DEEBF}"
EndProject
Project("{2150E333-8FDC-42A3-9474-1A3956D46DE8}") = "Section5", "Section5", "{75A53235-E930-4A5E-ACDA-9E1582171131}"
EndProject
Project("{2150E333-8FDC-42A3-9474-1A3956D46DE8}") = "Section6", "Section6", "{85F1D4AB-ADF2-4EE6-B468-6A0DD06EA05D}"
EndProject
Project("{FAE04EC0-301F-11D3-BF4B-00C04F79EFBC}") = "Section6", "Section6\Section6.csproj", "{E6E76E1A-67F1-4E74-AA55-F323C607305A}"
EndProject
Project("{2150E333-8FDC-42A3-9474-1A3956D46DE8}") = "Section7", "Section7", "{7B2CDAF5-92AF-4FB6-B0A6-BDB57FFD0242}"
EndProject
Project("{FAE04EC0-301F-11D3-BF4B-00C04F79EFBC}") = "Section7", "Section7\Section7.csproj", "{81EA5154-F439-4C4B-9EE6-37EF0DBEE6DC}"
EndProject
Project("{2150E333-8FDC-42A3-9474-1A3956D46DE8}") = "Section8", "Section8", "{14AE289E-0571-4C88-80EF-BE860F0208D4}"
EndProject
Project("{FAE04EC0-301F-11D3-BF4B-00C04F79EFBC}") = "MidTermExam", "MidTermExam\MidTermExam.csproj", "{3A38649F-E3EA-4714-BF8D-39B0AE5424F1}"
EndProject
Project("{2150E333-8FDC-42A3-9474-1A3956D46DE8}") = "Section9", "Section9", "{DFEB127C-2B82-4F1B-9F18-D31BDD446D16}"
EndProject
Project("{FAE04EC0-301F-11D3-BF4B-00C04F79EFBC}") = "Repetition", "Repetition\Repetition.csproj", "{54CB3987-2DE8-4FB3-87B8-F6DB5045DD09}"
EndProject
Project("{FAE04EC0-301F-11D3-BF4B-00C04F79EFBC}") = "LoopExample", "LoopExample\LoopExample.csproj", "{DFF4FC95-695E-4427-BC21-F14B32C17E5A}"
EndProject
Project("{FAE04EC0-301F-11D3-BF4B-00C04F79EFBC}") = "ResaleValue", "ResaleValue\ResaleValue.csproj", "{9427BE4D-92B3-4337-9B4C-478C8204FC58}"
EndProject
Project("{2150E333-8FDC-42A3-9474-1A3956D46DE8}") = "Section10", "Section10", "{76E3E3DD-334E-4C12-BA79-23F7F7C99143}"
EndProject
Project("{FAE04EC0-301F-11D3-BF4B-00C04F79EFBC}") = "Methods", "Methods\Methods.csproj", "{155B99FC-7ADF-4FE2-8230-0C43E89CD63B}"
EndProject
Project("{2150E333-8FDC-42A3-9474-1A3956D46DE8}") = "Section11", "Section11", "{ADC3F422-69BC-4430-982D-F2F199F05420}"
EndProject
Project("{FAE04EC0-301F-11D3-BF4B-00C04F79EFBC}") = "ArraysAndLists", "ArraysAndLists\ArraysAndLists.csproj", "{F9EC5878-E9FB-4312-AE86-6A5D73B6C87E}"
EndProject
Project("{FAE04EC0-301F-11D3-BF4B-00C04F79EFBC}") = "CodingQuizP1", "CodingQuizP1\CodingQuizP1.csproj", "{E41658D8-2377-4E5C-AC18-9B703EA38B74}"
EndProject
Project("{2150E333-8FDC-42A3-9474-1A3956D46DE8}") = "Section12", "Section12", "{2ED43421-7D1E-4676-9F05-37FAAB29C707}"
EndProject
Project("{FAE04EC0-301F-11D3-BF4B-00C04F79EFBC}") = "AdvancedOOTopics", "AdvancedOOTopics\AdvancedOOTopics.csproj", "{2D4C4086-4970-4337-BF40-377BB91EF908}"
EndProject
Project("{FAE04EC0-301F-11D3-BF4B-00C04F79EFBC}") = "LoanProgram", "LoanProgram\LoanProgram.csproj", "{0206315C-6968-41C7-8145-C5966A55759F}"
EndProject
Project("{2150E333-8FDC-42A3-9474-1A3956D46DE8}") = "Section13", "Section13", "{8D9C4050-4B61-40BF-B088-6ADD281F1022}"
EndProject
Project("{FAE04EC0-301F-11D3-BF4B-00C04F79EFBC}") = "Interface", "Interface\Interface.csproj", "{0DB58DE6-7AD1-4AED-B110-2BE723D2ED4A}"
EndProject
Project("{FAE04EC0-301F-11D3-BF4B-00C04F79EFBC}") = "InterfaceExam", "InterfaceExam\InterfaceExam.csproj", "{50F5312D-A4EF-41B6-A3D4-CA3A64E563D5}"
EndProject
Project("{2150E333-8FDC-42A3-9474-1A3956D46DE8}") = "Section14", "Section14", "{59F96F22-913B-437C-9A2C-8A7953E42AD3}"
EndProject
Project("{FAE04EC0-301F-11D3-BF4B-00C04F79EFBC}") = "ExceptionHandling", "ExceptionHandling\ExceptionHandling.csproj", "{12CDAB5A-0406-461E-B566-15E7C8B56A70}"
EndProject
Project("{FAE04EC0-301F-11D3-BF4B-00C04F79EFBC}") = "SectionExam", "SectionExam\SectionExam.csproj", "{63B10B5A-25C0-4108-BE48-0D1C6A54E8CD}"
EndProject
Project("{2150E333-8FDC-42A3-9474-1A3956D46DE8}") = "Section15", "Section15", "{BFAD0F7D-04D5-477C-AE17-79036D453F43}"
EndProject
Project("{FAE04EC0-301F-11D3-BF4B-00C04F79EFBC}") = "AdvancedCSharp", "AdvancedCSharp\AdvancedCSharp.csproj", "{AFA8BA6E-DE0E-4BDD-BD78-A50E5D3AEDFB}"
EndProject
Global
	GlobalSection(SolutionConfigurationPlatforms) = preSolution
		Debug|Any CPU = Debug|Any CPU
		Release|Any CPU = Release|Any CPU
	EndGlobalSection
	GlobalSection(ProjectConfigurationPlatforms) = postSolution
		{233F2E31-3E00-4044-8B3D-E561FAED8013}.Debug|Any CPU.ActiveCfg = Debug|Any CPU
		{233F2E31-3E00-4044-8B3D-E561FAED8013}.Debug|Any CPU.Build.0 = Debug|Any CPU
		{233F2E31-3E00-4044-8B3D-E561FAED8013}.Release|Any CPU.ActiveCfg = Release|Any CPU
		{233F2E31-3E00-4044-8B3D-E561FAED8013}.Release|Any CPU.Build.0 = Release|Any CPU
		{CF38D377-373B-4C65-B04F-86939E1EE7C6}.Debug|Any CPU.ActiveCfg = Debug|Any CPU
		{CF38D377-373B-4C65-B04F-86939E1EE7C6}.Debug|Any CPU.Build.0 = Debug|Any CPU
		{CF38D377-373B-4C65-B04F-86939E1EE7C6}.Release|Any CPU.ActiveCfg = Release|Any CPU
		{CF38D377-373B-4C65-B04F-86939E1EE7C6}.Release|Any CPU.Build.0 = Release|Any CPU
		{3C208C2D-30A4-4AB2-ADD6-38BF25B780D8}.Debug|Any CPU.ActiveCfg = Debug|Any CPU
		{3C208C2D-30A4-4AB2-ADD6-38BF25B780D8}.Debug|Any CPU.Build.0 = Debug|Any CPU
		{3C208C2D-30A4-4AB2-ADD6-38BF25B780D8}.Release|Any CPU.ActiveCfg = Release|Any CPU
		{3C208C2D-30A4-4AB2-ADD6-38BF25B780D8}.Release|Any CPU.Build.0 = Release|Any CPU
		{63A9AD2A-4B1E-4528-9BEE-28790E870A6A}.Debug|Any CPU.ActiveCfg = Debug|Any CPU
		{63A9AD2A-4B1E-4528-9BEE-28790E870A6A}.Debug|Any CPU.Build.0 = Debug|Any CPU
		{63A9AD2A-4B1E-4528-9BEE-28790E870A6A}.Release|Any CPU.ActiveCfg = Release|Any CPU
		{63A9AD2A-4B1E-4528-9BEE-28790E870A6A}.Release|Any CPU.Build.0 = Release|Any CPU
		{E6E76E1A-67F1-4E74-AA55-F323C607305A}.Debug|Any CPU.ActiveCfg = Debug|Any CPU
		{E6E76E1A-67F1-4E74-AA55-F323C607305A}.Debug|Any CPU.Build.0 = Debug|Any CPU
		{E6E76E1A-67F1-4E74-AA55-F323C607305A}.Release|Any CPU.ActiveCfg = Release|Any CPU
		{E6E76E1A-67F1-4E74-AA55-F323C607305A}.Release|Any CPU.Build.0 = Release|Any CPU
		{81EA5154-F439-4C4B-9EE6-37EF0DBEE6DC}.Debug|Any CPU.ActiveCfg = Debug|Any CPU
		{81EA5154-F439-4C4B-9EE6-37EF0DBEE6DC}.Debug|Any CPU.Build.0 = Debug|Any CPU
		{81EA5154-F439-4C4B-9EE6-37EF0DBEE6DC}.Release|Any CPU.ActiveCfg = Release|Any CPU
		{81EA5154-F439-4C4B-9EE6-37EF0DBEE6DC}.Release|Any CPU.Build.0 = Release|Any CPU
		{3A38649F-E3EA-4714-BF8D-39B0AE5424F1}.Debug|Any CPU.ActiveCfg = Debug|Any CPU
		{3A38649F-E3EA-4714-BF8D-39B0AE5424F1}.Debug|Any CPU.Build.0 = Debug|Any CPU
		{3A38649F-E3EA-4714-BF8D-39B0AE5424F1}.Release|Any CPU.ActiveCfg = Release|Any CPU
		{3A38649F-E3EA-4714-BF8D-39B0AE5424F1}.Release|Any CPU.Build.0 = Release|Any CPU
		{54CB3987-2DE8-4FB3-87B8-F6DB5045DD09}.Debug|Any CPU.ActiveCfg = Debug|Any CPU
		{54CB3987-2DE8-4FB3-87B8-F6DB5045DD09}.Debug|Any CPU.Build.0 = Debug|Any CPU
		{54CB3987-2DE8-4FB3-87B8-F6DB5045DD09}.Release|Any CPU.ActiveCfg = Release|Any CPU
		{54CB3987-2DE8-4FB3-87B8-F6DB5045DD09}.Release|Any CPU.Build.0 = Release|Any CPU
		{DFF4FC95-695E-4427-BC21-F14B32C17E5A}.Debug|Any CPU.ActiveCfg = Debug|Any CPU
		{DFF4FC95-695E-4427-BC21-F14B32C17E5A}.Debug|Any CPU.Build.0 = Debug|Any CPU
		{DFF4FC95-695E-4427-BC21-F14B32C17E5A}.Release|Any CPU.ActiveCfg = Release|Any CPU
		{DFF4FC95-695E-4427-BC21-F14B32C17E5A}.Release|Any CPU.Build.0 = Release|Any CPU
		{9427BE4D-92B3-4337-9B4C-478C8204FC58}.Debug|Any CPU.ActiveCfg = Debug|Any CPU
		{9427BE4D-92B3-4337-9B4C-478C8204FC58}.Debug|Any CPU.Build.0 = Debug|Any CPU
		{9427BE4D-92B3-4337-9B4C-478C8204FC58}.Release|Any CPU.ActiveCfg = Release|Any CPU
		{9427BE4D-92B3-4337-9B4C-478C8204FC58}.Release|Any CPU.Build.0 = Release|Any CPU
		{155B99FC-7ADF-4FE2-8230-0C43E89CD63B}.Debug|Any CPU.ActiveCfg = Debug|Any CPU
		{155B99FC-7ADF-4FE2-8230-0C43E89CD63B}.Debug|Any CPU.Build.0 = Debug|Any CPU
		{155B99FC-7ADF-4FE2-8230-0C43E89CD63B}.Release|Any CPU.ActiveCfg = Release|Any CPU
		{155B99FC-7ADF-4FE2-8230-0C43E89CD63B}.Release|Any CPU.Build.0 = Release|Any CPU
		{F9EC5878-E9FB-4312-AE86-6A5D73B6C87E}.Debug|Any CPU.ActiveCfg = Debug|Any CPU
		{F9EC5878-E9FB-4312-AE86-6A5D73B6C87E}.Debug|Any CPU.Build.0 = Debug|Any CPU
		{F9EC5878-E9FB-4312-AE86-6A5D73B6C87E}.Release|Any CPU.ActiveCfg = Release|Any CPU
		{F9EC5878-E9FB-4312-AE86-6A5D73B6C87E}.Release|Any CPU.Build.0 = Release|Any CPU
		{E41658D8-2377-4E5C-AC18-9B703EA38B74}.Debug|Any CPU.ActiveCfg = Debug|Any CPU
		{E41658D8-2377-4E5C-AC18-9B703EA38B74}.Debug|Any CPU.Build.0 = Debug|Any CPU
		{E41658D8-2377-4E5C-AC18-9B703EA38B74}.Release|Any CPU.ActiveCfg = Release|Any CPU
		{E41658D8-2377-4E5C-AC18-9B703EA38B74}.Release|Any CPU.Build.0 = Release|Any CPU
		{2D4C4086-4970-4337-BF40-377BB91EF908}.Debug|Any CPU.ActiveCfg = Debug|Any CPU
		{2D4C4086-4970-4337-BF40-377BB91EF908}.Debug|Any CPU.Build.0 = Debug|Any CPU
		{2D4C4086-4970-4337-BF40-377BB91EF908}.Release|Any CPU.ActiveCfg = Release|Any CPU
		{2D4C4086-4970-4337-BF40-377BB91EF908}.Release|Any CPU.Build.0 = Release|Any CPU
		{0206315C-6968-41C7-8145-C5966A55759F}.Debug|Any CPU.ActiveCfg = Debug|Any CPU
		{0206315C-6968-41C7-8145-C5966A55759F}.Debug|Any CPU.Build.0 = Debug|Any CPU
		{0206315C-6968-41C7-8145-C5966A55759F}.Release|Any CPU.ActiveCfg = Release|Any CPU
		{0206315C-6968-41C7-8145-C5966A55759F}.Release|Any CPU.Build.0 = Release|Any CPU
		{0DB58DE6-7AD1-4AED-B110-2BE723D2ED4A}.Debug|Any CPU.ActiveCfg = Debug|Any CPU
		{0DB58DE6-7AD1-4AED-B110-2BE723D2ED4A}.Debug|Any CPU.Build.0 = Debug|Any CPU
		{0DB58DE6-7AD1-4AED-B110-2BE723D2ED4A}.Release|Any CPU.ActiveCfg = Release|Any CPU
		{0DB58DE6-7AD1-4AED-B110-2BE723D2ED4A}.Release|Any CPU.Build.0 = Release|Any CPU
		{50F5312D-A4EF-41B6-A3D4-CA3A64E563D5}.Debug|Any CPU.ActiveCfg = Debug|Any CPU
		{50F5312D-A4EF-41B6-A3D4-CA3A64E563D5}.Debug|Any CPU.Build.0 = Debug|Any CPU
		{50F5312D-A4EF-41B6-A3D4-CA3A64E563D5}.Release|Any CPU.ActiveCfg = Release|Any CPU
		{50F5312D-A4EF-41B6-A3D4-CA3A64E563D5}.Release|Any CPU.Build.0 = Release|Any CPU
		{12CDAB5A-0406-461E-B566-15E7C8B56A70}.Debug|Any CPU.ActiveCfg = Debug|Any CPU
		{12CDAB5A-0406-461E-B566-15E7C8B56A70}.Debug|Any CPU.Build.0 = Debug|Any CPU
		{12CDAB5A-0406-461E-B566-15E7C8B56A70}.Release|Any CPU.ActiveCfg = Release|Any CPU
		{12CDAB5A-0406-461E-B566-15E7C8B56A70}.Release|Any CPU.Build.0 = Release|Any CPU
		{63B10B5A-25C0-4108-BE48-0D1C6A54E8CD}.Debug|Any CPU.ActiveCfg = Debug|Any CPU
		{63B10B5A-25C0-4108-BE48-0D1C6A54E8CD}.Debug|Any CPU.Build.0 = Debug|Any CPU
		{63B10B5A-25C0-4108-BE48-0D1C6A54E8CD}.Release|Any CPU.ActiveCfg = Release|Any CPU
		{63B10B5A-25C0-4108-BE48-0D1C6A54E8CD}.Release|Any CPU.Build.0 = Release|Any CPU
		{AFA8BA6E-DE0E-4BDD-BD78-A50E5D3AEDFB}.Debug|Any CPU.ActiveCfg = Debug|Any CPU
		{AFA8BA6E-DE0E-4BDD-BD78-A50E5D3AEDFB}.Debug|Any CPU.Build.0 = Debug|Any CPU
		{AFA8BA6E-DE0E-4BDD-BD78-A50E5D3AEDFB}.Release|Any CPU.ActiveCfg = Release|Any CPU
		{AFA8BA6E-DE0E-4BDD-BD78-A50E5D3AEDFB}.Release|Any CPU.Build.0 = Release|Any CPU
	EndGlobalSection
	GlobalSection(SolutionProperties) = preSolution
		HideSolutionNode = FALSE
	EndGlobalSection
	GlobalSection(NestedProjects) = preSolution
		{233F2E31-3E00-4044-8B3D-E561FAED8013} = {48EF7076-C4F9-40E7-95A0-9C58EB8DEEBF}
		{CF38D377-373B-4C65-B04F-86939E1EE7C6} = {75A53235-E930-4A5E-ACDA-9E1582171131}
		{3C208C2D-30A4-4AB2-ADD6-38BF25B780D8} = {53BABB86-67A7-43F6-8813-991C2871F568}
		{63A9AD2A-4B1E-4528-9BEE-28790E870A6A} = {53BABB86-67A7-43F6-8813-991C2871F568}
		{E6E76E1A-67F1-4E74-AA55-F323C607305A} = {85F1D4AB-ADF2-4EE6-B468-6A0DD06EA05D}
		{81EA5154-F439-4C4B-9EE6-37EF0DBEE6DC} = {7B2CDAF5-92AF-4FB6-B0A6-BDB57FFD0242}
		{3A38649F-E3EA-4714-BF8D-39B0AE5424F1} = {14AE289E-0571-4C88-80EF-BE860F0208D4}
		{54CB3987-2DE8-4FB3-87B8-F6DB5045DD09} = {DFEB127C-2B82-4F1B-9F18-D31BDD446D16}
		{DFF4FC95-695E-4427-BC21-F14B32C17E5A} = {DFEB127C-2B82-4F1B-9F18-D31BDD446D16}
		{9427BE4D-92B3-4337-9B4C-478C8204FC58} = {DFEB127C-2B82-4F1B-9F18-D31BDD446D16}
		{155B99FC-7ADF-4FE2-8230-0C43E89CD63B} = {76E3E3DD-334E-4C12-BA79-23F7F7C99143}
		{F9EC5878-E9FB-4312-AE86-6A5D73B6C87E} = {ADC3F422-69BC-4430-982D-F2F199F05420}
		{E41658D8-2377-4E5C-AC18-9B703EA38B74} = {ADC3F422-69BC-4430-982D-F2F199F05420}
		{2D4C4086-4970-4337-BF40-377BB91EF908} = {2ED43421-7D1E-4676-9F05-37FAAB29C707}
		{0206315C-6968-41C7-8145-C5966A55759F} = {2ED43421-7D1E-4676-9F05-37FAAB29C707}
		{0DB58DE6-7AD1-4AED-B110-2BE723D2ED4A} = {8D9C4050-4B61-40BF-B088-6ADD281F1022}
		{50F5312D-A4EF-41B6-A3D4-CA3A64E563D5} = {8D9C4050-4B61-40BF-B088-6ADD281F1022}
		{12CDAB5A-0406-461E-B566-15E7C8B56A70} = {59F96F22-913B-437C-9A2C-8A7953E42AD3}
		{63B10B5A-25C0-4108-BE48-0D1C6A54E8CD} = {59F96F22-913B-437C-9A2C-8A7953E42AD3}
		{AFA8BA6E-DE0E-4BDD-BD78-A50E5D3AEDFB} = {BFAD0F7D-04D5-477C-AE17-79036D453F43}
	EndGlobalSection
	GlobalSection(ExtensibilityGlobals) = postSolution
		SolutionGuid = {FA7B83FC-725F-44E5-82BD-FE232C6AB915}
	EndGlobalSection
EndGlobal
